
Microsoft Visual Studio Solution File, Format Version 12.00
# Visual Studio Version 16
VisualStudioVersion = 16.0.31229.75
MinimumVisualStudioVersion = 10.0.40219.1
Project("{2150E333-8FDC-42A3-9474-1A3956D46DE8}") = "Server", "Server", "{3AD55FF4-5F33-4C75-BB3F-8D3A3E681817}"
EndProject
Project("{2150E333-8FDC-42A3-9474-1A3956D46DE8}") = "Client", "Client", "{3FE847FB-8F1B-4253-90BD-8753DB5A7E51}"
EndProject
Project("{9A19103F-16F7-4668-BE54-9A1E7A4F7556}") = "GrpcService", "Server\GrpcService\GrpcService.csproj", "{2DD42FCC-C39C-4DE3-8A21-1B80F144AC7F}"
EndProject
Project("{9A19103F-16F7-4668-BE54-9A1E7A4F7556}") = "GrpcClient", "Client\GrpcClient\GrpcClient.csproj", "{CFE542D9-ACA5-4370-AFF8-693B93F3CA06}"
EndProject
Project("{2150E333-8FDC-42A3-9474-1A3956D46DE8}") = "Contract", "Contract", "{EC3D099E-CD32-4AF7-8178-A0033D7DB3A1}"
	ProjectSection(SolutionItems) = preProject
		Server\GrpcService\Protos\math.proto = Server\GrpcService\Protos\math.proto
	EndProjectSection
EndProject
Global
	GlobalSection(SolutionConfigurationPlatforms) = preSolution
		Debug|Any CPU = Debug|Any CPU
		Release|Any CPU = Release|Any CPU
	EndGlobalSection
	GlobalSection(ProjectConfigurationPlatforms) = postSolution
		{2DD42FCC-C39C-4DE3-8A21-1B80F144AC7F}.Debug|Any CPU.ActiveCfg = Debug|Any CPU
		{2DD42FCC-C39C-4DE3-8A21-1B80F144AC7F}.Debug|Any CPU.Build.0 = Debug|Any CPU
		{2DD42FCC-C39C-4DE3-8A21-1B80F144AC7F}.Release|Any CPU.ActiveCfg = Release|Any CPU
		{2DD42FCC-C39C-4DE3-8A21-1B80F144AC7F}.Release|Any CPU.Build.0 = Release|Any CPU
		{CFE542D9-ACA5-4370-AFF8-693B93F3CA06}.Debug|Any CPU.ActiveCfg = Debug|Any CPU
		{CFE542D9-ACA5-4370-AFF8-693B93F3CA06}.Debug|Any CPU.Build.0 = Debug|Any CPU
		{CFE542D9-ACA5-4370-AFF8-693B93F3CA06}.Release|Any CPU.ActiveCfg = Release|Any CPU
		{CFE542D9-ACA5-4370-AFF8-693B93F3CA06}.Release|Any CPU.Build.0 = Release|Any CPU
	EndGlobalSection
	GlobalSection(SolutionProperties) = preSolution
		HideSolutionNode = FALSE
	EndGlobalSection
	GlobalSection(NestedProjects) = preSolution
		{2DD42FCC-C39C-4DE3-8A21-1B80F144AC7F} = {3AD55FF4-5F33-4C75-BB3F-8D3A3E681817}
		{CFE542D9-ACA5-4370-AFF8-693B93F3CA06} = {3FE847FB-8F1B-4253-90BD-8753DB5A7E51}
	EndGlobalSection
	GlobalSection(ExtensibilityGlobals) = postSolution
		SolutionGuid = {B2FC38F6-06E7-493F-AD25-5D81D866CA7D}
	EndGlobalSection
EndGlobal
